
Microsoft Visual Studio Solution File, Format Version 12.00
# Visual Studio 15
VisualStudioVersion = 15.0.28010.2046
MinimumVisualStudioVersion = 10.0.40219.1
Project("{8BC9CEB8-8B4A-11D0-8D11-00A0C91BC942}") = "air_combat", "air_combat.vcxproj", "{E6AB5D38-00A6-4381-AB28-A58CC714891D}"
EndProject
Global
	GlobalSection(SolutionConfigurationPlatforms) = preSolution
		Debug|x64 = Debug|x64
		Debug|x86 = Debug|x86
		Release|x64 = Release|x64
		Release|x86 = Release|x86
	EndGlobalSection
	GlobalSection(ProjectConfigurationPlatforms) = postSolution
		{E6AB5D38-00A6-4381-AB28-A58CC714891D}.Debug|x64.ActiveCfg = Debug|x64
		{E6AB5D38-00A6-4381-AB28-A58CC714891D}.Debug|x64.Build.0 = Debug|x64
		{E6AB5D38-00A6-4381-AB28-A58CC714891D}.Debug|x86.ActiveCfg = Debug|Win32
		{E6AB5D38-00A6-4381-AB28-A58CC714891D}.Debug|x86.Build.0 = Debug|Win32
		{E6AB5D38-00A6-4381-AB28-A58CC714891D}.Release|x64.ActiveCfg = Release|x64
		{E6AB5D38-00A6-4381-AB28-A58CC714891D}.Release|x64.Build.0 = Release|x64
		{E6AB5D38-00A6-4381-AB28-A58CC714891D}.Release|x86.ActiveCfg = Release|Win32
		{E6AB5D38-00A6-4381-AB28-A58CC714891D}.Release|x86.Build.0 = Release|Win32
	EndGlobalSection
	GlobalSection(SolutionProperties) = preSolution
		HideSolutionNode = FALSE
	EndGlobalSection
	GlobalSection(ExtensibilityGlobals) = postSolution
		SolutionGuid = {37ED0D95-2428-481B-9A77-BBA1A0AC8EA4}
	EndGlobalSection
EndGlobal
